{
  "name": "mqttdemo",
  "version": "1.0.0",
  "lockfileVersion": 1,
  "requires": true,
  "dependencies": {
    "@supercharge/strings": {
      "version": "2.0.0",
      "resolved": "https://artifactory.build.ge.com:443/artifactory/api/npm/bsf-npm-virtual/@supercharge/strings/-/strings-2.0.0.tgz",
      "integrity": "sha1-Y4KJ3YMY6QMaTQj+p8LN+nDa0I0=",
      "requires": {
        "uuid": "9.0.0"
      }
    },
    "mqtt": {
      "version": "1.4.3",
      "resolved": "https://registry.npmjs.org/mqtt/-/mqtt-1.4.3.tgz",
      "integrity": "sha1-p5Hh5BGEb/YrzKIo9qwXCdDIyY8=",
      "requires": {
        "commist": "1.0.0",
        "concat-stream": "1.5.1",
        "end-of-stream": "1.1.0",
        "help-me": "0.1.0",
        "inherits": "2.0.1",
        "minimist": "1.2.0",
        "mqtt-connection": "2.1.1",
        "mqtt-packet": "3.4.4",
        "readable-stream": "1.0.33",
        "websocket-stream": "2.0.2",
        "xtend": "4.0.0"
      },
      "dependencies": {
        "commist": {
          "version": "1.0.0",
          "resolved": "https://registry.npmjs.org/commist/-/commist-1.0.0.tgz",
          "integrity": "sha1-wMNSUBz29S6RJOPvicmAbiAi6+8=",
          "requires": {
            "leven": "1.0.2",
            "minimist": "1.2.0"
          },
          "dependencies": {
            "leven": {
              "version": "1.0.2",
              "resolved": "https://registry.npmjs.org/leven/-/leven-1.0.2.tgz",
              "integrity": "sha1-kUS27ryl8dBoAWnxpncNzqYLdcM="
            }
          }
        },
        "concat-stream": {
          "version": "1.5.1",
          "resolved": "https://registry.npmjs.org/concat-stream/-/concat-stream-1.5.1.tgz",
          "integrity": "sha1-87gKz54fSOOHXAaItBtsMWAu6hw=",
          "requires": {
            "inherits": "2.0.1",
            "readable-stream": "2.0.2",
            "typedarray": "0.0.6"
          },
          "dependencies": {
            "readable-stream": {
              "version": "2.0.2",
              "resolved": "https://registry.npmjs.org/readable-stream/-/readable-stream-2.0.2.tgz",
              "integrity": "sha1-vsgb6ujPRVFovC5bKzH1vPrtmxs=",
              "requires": {
                "core-util-is": "1.0.1",
                "inherits": "2.0.1",
                "isarray": "0.0.1",
                "process-nextick-args": "1.0.3",
                "string_decoder": "0.10.31",
                "util-deprecate": "1.0.2"
              },
              "dependencies": {
                "core-util-is": {
                  "version": "1.0.1",
                  "resolved": "https://registry.npmjs.org/core-util-is/-/core-util-is-1.0.1.tgz",
                  "integrity": "sha1-awcIWu+aPMrG7lO/nT3wwVIaVTg="
                },
                "isarray": {
                  "version": "0.0.1",
                  "resolved": "https://registry.npmjs.org/isarray/-/isarray-0.0.1.tgz",
                  "integrity": "sha1-ihis/Kmo9Bd+Cav8YDiTmwXR7t8="
                },
                "process-nextick-args": {
                  "version": "1.0.3",
                  "resolved": "https://registry.npmjs.org/process-nextick-args/-/process-nextick-args-1.0.3.tgz",
                  "integrity": "sha1-4nLu2CXV6fTqdNjXOx/jEcO+tjA="
                },
                "string_decoder": {
                  "version": "0.10.31",
                  "resolved": "https://registry.npmjs.org/string_decoder/-/string_decoder-0.10.31.tgz",
                  "integrity": "sha1-YuIDvEF2bGwoyfyEMB2rHFMQ+pQ="
                },
                "util-deprecate": {
                  "version": "1.0.2",
                  "resolved": "https://registry.npmjs.org/util-deprecate/-/util-deprecate-1.0.2.tgz",
                  "integrity": "sha1-RQ1Nyfpw3nMnYvvS1KKJgUGaDM8="
                }
              }
            },
            "typedarray": {
              "version": "0.0.6",
              "resolved": "https://registry.npmjs.org/typedarray/-/typedarray-0.0.6.tgz",
              "integrity": "sha1-hnrHTjhkGHsdPUfZlqeOxciDB3c="
            }
          }
        },
        "end-of-stream": {
          "version": "1.1.0",
          "resolved": "https://registry.npmjs.org/end-of-stream/-/end-of-stream-1.1.0.tgz",
          "integrity": "sha1-6TUyWLqpEIll78QcsO+K3i88+wc=",
          "requires": {
            "once": "1.3.2"
          },
          "dependencies": {
            "once": {
              "version": "1.3.2",
              "resolved": "https://registry.npmjs.org/once/-/once-1.3.2.tgz",
              "integrity": "sha1-2P7sqTsDnsHc3ud0HJK9rF4oCBs=",
              "requires": {
                "wrappy": "1.0.1"
              },
              "dependencies": {
                "wrappy": {
                  "version": "1.0.1",
                  "resolved": "https://registry.npmjs.org/wrappy/-/wrappy-1.0.1.tgz",
                  "integrity": "sha1-HmWWmWXMvC20VIxrhKbyxa7dRzk="
                }
              }
            }
          }
        },
        "help-me": {
          "version": "0.1.0",
          "resolved": "https://registry.npmjs.org/help-me/-/help-me-0.1.0.tgz",
          "integrity": "sha1-D7OkBTetUmW2tJQTAixg01tJU5o=",
          "requires": {
            "concat-stream": "1.5.1",
            "pump": "1.0.0",
            "readable-stream": "1.0.33",
            "xtend": "4.0.0"
          },
          "dependencies": {
            "pump": {
              "version": "1.0.0",
              "resolved": "https://registry.npmjs.org/pump/-/pump-1.0.0.tgz",
              "integrity": "sha1-8CUP4oJ0JJLk3qFw5e0/e8il4yw=",
              "requires": {
                "end-of-stream": "1.1.0",
                "once": "1.3.2"
              },
              "dependencies": {
                "once": {
                  "version": "1.3.2",
                  "resolved": "https://registry.npmjs.org/once/-/once-1.3.2.tgz",
                  "integrity": "sha1-2P7sqTsDnsHc3ud0HJK9rF4oCBs=",
                  "requires": {
                    "wrappy": "1.0.1"
                  },
                  "dependencies": {
                    "wrappy": {
                      "version": "1.0.1",
                      "resolved": "https://registry.npmjs.org/wrappy/-/wrappy-1.0.1.tgz",
                      "integrity": "sha1-HmWWmWXMvC20VIxrhKbyxa7dRzk="
                    }
                  }
                }
              }
            }
          }
        },
        "inherits": {
          "version": "2.0.1",
          "resolved": "https://registry.npmjs.org/inherits/-/inherits-2.0.1.tgz",
          "integrity": "sha1-sX0I0ya0Qj5Wjv9xn5GwscvfafE="
        },
        "minimist": {
          "version": "1.2.0",
          "resolved": "https://registry.npmjs.org/minimist/-/minimist-1.2.0.tgz",
          "integrity": "sha1-o1AIsg9BOD7sH7kU9M1d95omQoQ="
        },
        "mqtt-connection": {
          "version": "2.1.1",
          "resolved": "https://registry.npmjs.org/mqtt-connection/-/mqtt-connection-2.1.1.tgz",
          "integrity": "sha1-ey6YWnThlmGUML69NdoWLDTE5Wo=",
          "requires": {
            "inherits": "2.0.1",
            "mqtt-packet": "3.4.4",
            "reduplexer": "1.1.0",
            "through2": "0.6.5"
          },
          "dependencies": {
            "reduplexer": {
              "version": "1.1.0",
              "resolved": "https://registry.npmjs.org/reduplexer/-/reduplexer-1.1.0.tgz",
              "integrity": "sha1-ff7RimeedJwdetNt4BrLUV8I4UA=",
              "requires": {
                "inherits": "2.0.1",
                "readable-stream": "1.0.33"
              }
            },
            "through2": {
              "version": "0.6.5",
              "resolved": "https://registry.npmjs.org/through2/-/through2-0.6.5.tgz",
              "integrity": "sha1-QaucZ7KdVyCQcUEOHXp6lozTrUg=",
              "requires": {
                "readable-stream": "1.0.33",
                "xtend": "4.0.0"
              }
            }
          }
        },
        "mqtt-packet": {
          "version": "3.4.4",
          "resolved": "https://registry.npmjs.org/mqtt-packet/-/mqtt-packet-3.4.4.tgz",
          "integrity": "sha1-+8flq2BgjAGm0SPNpRVIvbt1cME=",
          "requires": {
            "bl": "0.9.4",
            "inherits": "2.0.1"
          },
          "dependencies": {
            "bl": {
              "version": "0.9.4",
              "resolved": "https://registry.npmjs.org/bl/-/bl-0.9.4.tgz",
              "integrity": "sha1-RwLd9y++Ds2CeHwAwROuoZNa0Oc=",
              "requires": {
                "readable-stream": "1.0.33"
              }
            }
          }
        },
        "readable-stream": {
          "version": "1.0.33",
          "resolved": "https://registry.npmjs.org/readable-stream/-/readable-stream-1.0.33.tgz",
          "integrity": "sha1-OjYN1mwbHX/UcFOJhg7aHQ9hEmw=",
          "requires": {
            "core-util-is": "1.0.1",
            "inherits": "2.0.1",
            "isarray": "0.0.1",
            "string_decoder": "0.10.31"
          },
          "dependencies": {
            "core-util-is": {
              "version": "1.0.1",
              "resolved": "https://registry.npmjs.org/core-util-is/-/core-util-is-1.0.1.tgz",
              "integrity": "sha1-awcIWu+aPMrG7lO/nT3wwVIaVTg="
            },
            "isarray": {
              "version": "0.0.1",
              "resolved": "https://registry.npmjs.org/isarray/-/isarray-0.0.1.tgz",
              "integrity": "sha1-ihis/Kmo9Bd+Cav8YDiTmwXR7t8="
            },
            "string_decoder": {
              "version": "0.10.31",
              "resolved": "https://registry.npmjs.org/string_decoder/-/string_decoder-0.10.31.tgz",
              "integrity": "sha1-YuIDvEF2bGwoyfyEMB2rHFMQ+pQ="
            }
          }
        },
        "websocket-stream": {
          "version": "2.0.2",
          "resolved": "https://registry.npmjs.org/websocket-stream/-/websocket-stream-2.0.2.tgz",
          "integrity": "sha1-W6vi+f4/jjjbqeFme5l5XY77J9U=",
          "requires": {
            "duplexify": "3.4.2",
            "inherits": "2.0.1",
            "through2": "0.6.5",
            "ws": "0.8.0",
            "xtend": "4.0.0"
          },
          "dependencies": {
            "duplexify": {
              "version": "3.4.2",
              "resolved": "https://registry.npmjs.org/duplexify/-/duplexify-3.4.2.tgz",
              "integrity": "sha1-caV4rwPg0GPrjxMmr/1eVgAUXhs=",
              "requires": {
                "end-of-stream": "1.0.0",
                "readable-stream": "2.0.2"
              },
              "dependencies": {
                "end-of-stream": {
                  "version": "1.0.0",
                  "resolved": "https://registry.npmjs.org/end-of-stream/-/end-of-stream-1.0.0.tgz",
                  "integrity": "sha1-1FlucCc0qT5A6a+GQxnqvZn/Lw4=",
                  "requires": {
                    "once": "1.3.2"
                  },
                  "dependencies": {
                    "once": {
                      "version": "1.3.2",
                      "resolved": "https://registry.npmjs.org/once/-/once-1.3.2.tgz",
                      "integrity": "sha1-2P7sqTsDnsHc3ud0HJK9rF4oCBs=",
                      "requires": {
                        "wrappy": "1.0.1"
                      },
                      "dependencies": {
                        "wrappy": {
                          "version": "1.0.1",
                          "resolved": "https://registry.npmjs.org/wrappy/-/wrappy-1.0.1.tgz",
                          "integrity": "sha1-HmWWmWXMvC20VIxrhKbyxa7dRzk="
                        }
                      }
                    }
                  }
                },
                "readable-stream": {
                  "version": "2.0.2",
                  "resolved": "https://registry.npmjs.org/readable-stream/-/readable-stream-2.0.2.tgz",
                  "integrity": "sha1-vsgb6ujPRVFovC5bKzH1vPrtmxs=",
                  "requires": {
                    "core-util-is": "1.0.1",
                    "inherits": "2.0.1",
                    "isarray": "0.0.1",
                    "process-nextick-args": "1.0.3",
                    "string_decoder": "0.10.31",
                    "util-deprecate": "1.0.2"
                  },
                  "dependencies": {
                    "core-util-is": {
                      "version": "1.0.1",
                      "resolved": "https://registry.npmjs.org/core-util-is/-/core-util-is-1.0.1.tgz",
                      "integrity": "sha1-awcIWu+aPMrG7lO/nT3wwVIaVTg="
                    },
                    "isarray": {
                      "version": "0.0.1",
                      "resolved": "https://registry.npmjs.org/isarray/-/isarray-0.0.1.tgz",
                      "integrity": "sha1-ihis/Kmo9Bd+Cav8YDiTmwXR7t8="
                    },
                    "process-nextick-args": {
                      "version": "1.0.3",
                      "resolved": "https://registry.npmjs.org/process-nextick-args/-/process-nextick-args-1.0.3.tgz",
                      "integrity": "sha1-4nLu2CXV6fTqdNjXOx/jEcO+tjA="
                    },
                    "string_decoder": {
                      "version": "0.10.31",
                      "resolved": "https://registry.npmjs.org/string_decoder/-/string_decoder-0.10.31.tgz",
                      "integrity": "sha1-YuIDvEF2bGwoyfyEMB2rHFMQ+pQ="
                    },
                    "util-deprecate": {
                      "version": "1.0.2",
                      "resolved": "https://registry.npmjs.org/util-deprecate/-/util-deprecate-1.0.2.tgz",
                      "integrity": "sha1-RQ1Nyfpw3nMnYvvS1KKJgUGaDM8="
                    }
                  }
                }
              }
            },
            "through2": {
              "version": "0.6.5",
              "resolved": "https://registry.npmjs.org/through2/-/through2-0.6.5.tgz",
              "integrity": "sha1-QaucZ7KdVyCQcUEOHXp6lozTrUg=",
              "requires": {
                "readable-stream": "1.0.33",
                "xtend": "4.0.0"
              }
            },
            "ws": {
              "version": "0.8.0",
              "resolved": "https://registry.npmjs.org/ws/-/ws-0.8.0.tgz",
              "integrity": "sha1-rGDrrTEhIdAeFswzg9fsZ60PDx8=",
              "requires": {
                "bufferutil": "1.2.1",
                "options": "0.0.6",
                "ultron": "1.0.2",
                "utf-8-validate": "1.2.1"
              },
              "dependencies": {
                "bufferutil": {
                  "version": "1.2.1",
                  "resolved": "https://registry.npmjs.org/bufferutil/-/bufferutil-1.2.1.tgz",
                  "integrity": "sha1-N75dNuHgZJIiHmjUdLGsWOUQy9c=",
                  "optional": true,
                  "requires": {
                    "bindings": "1.2.1",
                    "nan": "2.1.0"
                  },
                  "dependencies": {
                    "bindings": {
                      "version": "1.2.1",
                      "resolved": "https://registry.npmjs.org/bindings/-/bindings-1.2.1.tgz",
                      "integrity": "sha1-FK1hE4EtLTfXLme0ystLtyZQXxE=",
                      "optional": true
                    },
                    "nan": {
                      "version": "2.1.0",
                      "resolved": "https://registry.npmjs.org/nan/-/nan-2.1.0.tgz",
                      "integrity": "sha1-Agp8ztxj/e6F+Fln1WB4SedKu+g=",
                      "optional": true
                    }
                  }
                },
                "options": {
                  "version": "0.0.6",
                  "resolved": "https://registry.npmjs.org/options/-/options-0.0.6.tgz",
                  "integrity": "sha1-7CLTEoBrtT5zF3Pnza788cZDEo8="
                },
                "ultron": {
                  "version": "1.0.2",
                  "resolved": "https://registry.npmjs.org/ultron/-/ultron-1.0.2.tgz",
                  "integrity": "sha1-rOEWq1V80Zc4ak6I9GhTeMiy5Po="
                },
                "utf-8-validate": {
                  "version": "1.2.1",
                  "resolved": "https://registry.npmjs.org/utf-8-validate/-/utf-8-validate-1.2.1.tgz",
                  "integrity": "sha1-RMt8burXPWtARI9x90WQQ1e59yw=",
                  "optional": true,
                  "requires": {
                    "bindings": "1.2.1",
                    "nan": "2.1.0"
                  },
                  "dependencies": {
                    "bindings": {
                      "version": "1.2.1",
                      "resolved": "https://registry.npmjs.org/bindings/-/bindings-1.2.1.tgz",
                      "integrity": "sha1-FK1hE4EtLTfXLme0ystLtyZQXxE=",
                      "optional": true
                    },
                    "nan": {
                      "version": "2.1.0",
                      "resolved": "https://registry.npmjs.org/nan/-/nan-2.1.0.tgz",
                      "integrity": "sha1-Agp8ztxj/e6F+Fln1WB4SedKu+g=",
                      "optional": true
                    }
                  }
                }
              }
            }
          }
        },
        "xtend": {
          "version": "4.0.0",
          "resolved": "https://registry.npmjs.org/xtend/-/xtend-4.0.0.tgz",
          "integrity": "sha1-i8Nv+Hrtvnzp6vC8o2sjVKdDhA8="
        }
      }
    },
    "uuid": {
      "version": "9.0.0",
      "resolved": "https://artifactory.build.ge.com:443/artifactory/api/npm/bsf-npm-virtual/uuid/-/uuid-9.0.0.tgz",
      "integrity": "sha1-WS9VBlACSjjOsMVi8vaqQ1dh77U="
    }
  }
}
